
Microsoft Visual Studio Solution File, Format Version 12.00
# Visual Studio Version 17
VisualStudioVersion = 17.9.34728.123
MinimumVisualStudioVersion = 10.0.40219.1
Project("{FAE04EC0-301F-11D3-BF4B-00C04F79EFBC}") = "TestAplikacija", "TestAplikacija\TestAplikacija.csproj", "{572B0AF1-7DB3-4303-842D-87FAFF1A87FF}"
EndProject
Global
	GlobalSection(SolutionConfigurationPlatforms) = preSolution
		Debug|Any CPU = Debug|Any CPU
		Release|Any CPU = Release|Any CPU
	EndGlobalSection
	GlobalSection(ProjectConfigurationPlatforms) = postSolution
		{572B0AF1-7DB3-4303-842D-87FAFF1A87FF}.Debug|Any CPU.ActiveCfg = Debug|Any CPU
		{572B0AF1-7DB3-4303-842D-87FAFF1A87FF}.Debug|Any CPU.Build.0 = Debug|Any CPU
		{572B0AF1-7DB3-4303-842D-87FAFF1A87FF}.Debug|Any CPU.Deploy.0 = Debug|Any CPU
		{572B0AF1-7DB3-4303-842D-87FAFF1A87FF}.Release|Any CPU.ActiveCfg = Release|Any CPU
		{572B0AF1-7DB3-4303-842D-87FAFF1A87FF}.Release|Any CPU.Build.0 = Release|Any CPU
		{572B0AF1-7DB3-4303-842D-87FAFF1A87FF}.Release|Any CPU.Deploy.0 = Release|Any CPU
	EndGlobalSection
	GlobalSection(SolutionProperties) = preSolution
		HideSolutionNode = FALSE
	EndGlobalSection
	GlobalSection(ExtensibilityGlobals) = postSolution
		SolutionGuid = {6007CD67-E715-4FD6-B295-C1CB233F917F}
	EndGlobalSection
EndGlobal
